
Microsoft Visual Studio Solution File, Format Version 12.00
# Visual Studio Version 16
VisualStudioVersion = 16.0.30907.101
MinimumVisualStudioVersion = 10.0.40219.1
Project("{FAE04EC0-301F-11D3-BF4B-00C04F79EFBC}") = "Laba8_OOP_CS", "Laba8_OOP_CS\Laba8_OOP_CS.csproj", "{DA322694-F287-4791-9E93-6113462B6D45}"
EndProject
Project("{FAE04EC0-301F-11D3-BF4B-00C04F79EFBC}") = "Laba8Lib", "Laba8Lib\Laba8Lib.csproj", "{B29B597F-32C4-4557-95F0-62A7F4C1D719}"
EndProject
Project("{8BC9CEB8-8B4A-11D0-8D11-00A0C91BC942}") = "Laba8_OOP_Sp", "Laba8_OOP_Sp\Laba8_OOP_Sp.vcxproj", "{186C6995-BAAF-4101-9E72-A7E84E49D5CE}"
EndProject
Global
	GlobalSection(SolutionConfigurationPlatforms) = preSolution
		Debug|Any CPU = Debug|Any CPU
		Debug|x64 = Debug|x64
		Debug|x86 = Debug|x86
		Release|Any CPU = Release|Any CPU
		Release|x64 = Release|x64
		Release|x86 = Release|x86
	EndGlobalSection
	GlobalSection(ProjectConfigurationPlatforms) = postSolution
		{DA322694-F287-4791-9E93-6113462B6D45}.Debug|Any CPU.ActiveCfg = Debug|Any CPU
		{DA322694-F287-4791-9E93-6113462B6D45}.Debug|Any CPU.Build.0 = Debug|Any CPU
		{DA322694-F287-4791-9E93-6113462B6D45}.Debug|x64.ActiveCfg = Debug|Any CPU
		{DA322694-F287-4791-9E93-6113462B6D45}.Debug|x64.Build.0 = Debug|Any CPU
		{DA322694-F287-4791-9E93-6113462B6D45}.Debug|x86.ActiveCfg = Debug|Any CPU
		{DA322694-F287-4791-9E93-6113462B6D45}.Debug|x86.Build.0 = Debug|Any CPU
		{DA322694-F287-4791-9E93-6113462B6D45}.Release|Any CPU.ActiveCfg = Release|Any CPU
		{DA322694-F287-4791-9E93-6113462B6D45}.Release|Any CPU.Build.0 = Release|Any CPU
		{DA322694-F287-4791-9E93-6113462B6D45}.Release|x64.ActiveCfg = Release|Any CPU
		{DA322694-F287-4791-9E93-6113462B6D45}.Release|x64.Build.0 = Release|Any CPU
		{DA322694-F287-4791-9E93-6113462B6D45}.Release|x86.ActiveCfg = Release|Any CPU
		{DA322694-F287-4791-9E93-6113462B6D45}.Release|x86.Build.0 = Release|Any CPU
		{B29B597F-32C4-4557-95F0-62A7F4C1D719}.Debug|Any CPU.ActiveCfg = Debug|Any CPU
		{B29B597F-32C4-4557-95F0-62A7F4C1D719}.Debug|Any CPU.Build.0 = Debug|Any CPU
		{B29B597F-32C4-4557-95F0-62A7F4C1D719}.Debug|x64.ActiveCfg = Debug|Any CPU
		{B29B597F-32C4-4557-95F0-62A7F4C1D719}.Debug|x64.Build.0 = Debug|Any CPU
		{B29B597F-32C4-4557-95F0-62A7F4C1D719}.Debug|x86.ActiveCfg = Debug|Any CPU
		{B29B597F-32C4-4557-95F0-62A7F4C1D719}.Debug|x86.Build.0 = Debug|Any CPU
		{B29B597F-32C4-4557-95F0-62A7F4C1D719}.Release|Any CPU.ActiveCfg = Release|Any CPU
		{B29B597F-32C4-4557-95F0-62A7F4C1D719}.Release|Any CPU.Build.0 = Release|Any CPU
		{B29B597F-32C4-4557-95F0-62A7F4C1D719}.Release|x64.ActiveCfg = Release|Any CPU
		{B29B597F-32C4-4557-95F0-62A7F4C1D719}.Release|x64.Build.0 = Release|Any CPU
		{B29B597F-32C4-4557-95F0-62A7F4C1D719}.Release|x86.ActiveCfg = Release|Any CPU
		{B29B597F-32C4-4557-95F0-62A7F4C1D719}.Release|x86.Build.0 = Release|Any CPU
		{186C6995-BAAF-4101-9E72-A7E84E49D5CE}.Debug|Any CPU.ActiveCfg = Debug|Win32
		{186C6995-BAAF-4101-9E72-A7E84E49D5CE}.Debug|x64.ActiveCfg = Debug|x64
		{186C6995-BAAF-4101-9E72-A7E84E49D5CE}.Debug|x64.Build.0 = Debug|x64
		{186C6995-BAAF-4101-9E72-A7E84E49D5CE}.Debug|x86.ActiveCfg = Debug|Win32
		{186C6995-BAAF-4101-9E72-A7E84E49D5CE}.Debug|x86.Build.0 = Debug|Win32
		{186C6995-BAAF-4101-9E72-A7E84E49D5CE}.Release|Any CPU.ActiveCfg = Release|Win32
		{186C6995-BAAF-4101-9E72-A7E84E49D5CE}.Release|x64.ActiveCfg = Release|x64
		{186C6995-BAAF-4101-9E72-A7E84E49D5CE}.Release|x64.Build.0 = Release|x64
		{186C6995-BAAF-4101-9E72-A7E84E49D5CE}.Release|x86.ActiveCfg = Release|Win32
		{186C6995-BAAF-4101-9E72-A7E84E49D5CE}.Release|x86.Build.0 = Release|Win32
	EndGlobalSection
	GlobalSection(SolutionProperties) = preSolution
		HideSolutionNode = FALSE
	EndGlobalSection
	GlobalSection(ExtensibilityGlobals) = postSolution
		SolutionGuid = {900F66B1-2CD2-4E9D-B814-85842EE181C0}
	EndGlobalSection
EndGlobal
